// !$*UTF8*$!
{
	archiveVersion = 1;
	classes = {
	};
	objectVersion = 52;
	objects = {

/* Begin PBXBuildFile section */
		2A58848B25188AC800AC6911 /* AppDelegate.swift in Sources */ = {isa = PBXBuildFile; fileRef = 2A58848A25188AC800AC6911 /* AppDelegate.swift */; };
		2A58848D25188AC800AC6911 /* SceneDelegate.swift in Sources */ = {isa = PBXBuildFile; fileRef = 2A58848C25188AC800AC6911 /* SceneDelegate.swift */; };
		2A58848F25188AC800AC6911 /* ViewController.swift in Sources */ = {isa = PBXBuildFile; fileRef = 2A58848E25188AC800AC6911 /* ViewController.swift */; };
		2A58849225188AC800AC6911 /* Main.storyboard in Resources */ = {isa = PBXBuildFile; fileRef = 2A58849025188AC800AC6911 /* Main.storyboard */; };
		2A58849425188ACA00AC6911 /* Assets.xcassets in Resources */ = {isa = PBXBuildFile; fileRef = 2A58849325188ACA00AC6911 /* Assets.xcassets */; };
		2A58849725188ACA00AC6911 /* LaunchScreen.storyboard in Resources */ = {isa = PBXBuildFile; fileRef = 2A58849525188ACA00AC6911 /* LaunchScreen.storyboard */; };
		F73F7BC22926648800AFB1EF /* RxCocoa in Frameworks */ = {isa = PBXBuildFile; productRef = F73F7BC12926648800AFB1EF /* RxCocoa */; };
		F73F7BC42926648800AFB1EF /* RxSwift in Frameworks */ = {isa = PBXBuildFile; productRef = F73F7BC32926648800AFB1EF /* RxSwift */; };
/* End PBXBuildFile section */

/* Begin PBXFileReference section */
		2A58848725188AC800AC6911 /* RegisterUsingCombine.app */ = {isa = PBXFileReference; explicitFileType = wrapper.application; includeInIndex = 0; path = RegisterUsingCombine.app; sourceTree = BUILT_PRODUCTS_DIR; };
		2A58848A25188AC800AC6911 /* AppDelegate.swift */ = {isa = PBXFileReference; lastKnownFileType = sourcecode.swift; path = AppDelegate.swift; sourceTree = "<group>"; };
		2A58848C25188AC800AC6911 /* SceneDelegate.swift */ = {isa = PBXFileReference; lastKnownFileType = sourcecode.swift; path = SceneDelegate.swift; sourceTree = "<group>"; };
		2A58848E25188AC800AC6911 /* ViewController.swift */ = {isa = PBXFileReference; lastKnownFileType = sourcecode.swift; path = ViewController.swift; sourceTree = "<group>"; };
		2A58849125188AC800AC6911 /* Base */ = {isa = PBXFileReference; lastKnownFileType = file.storyboard; name = Base; path = Base.lproj/Main.storyboard; sourceTree = "<group>"; };
		2A58849325188ACA00AC6911 /* Assets.xcassets */ = {isa = PBXFileReference; lastKnownFileType = folder.assetcatalog; path = Assets.xcassets; sourceTree = "<group>"; };
		2A58849625188ACA00AC6911 /* Base */ = {isa = PBXFileReference; lastKnownFileType = file.storyboard; name = Base; path = Base.lproj/LaunchScreen.storyboard; sourceTree = "<group>"; };
		2A58849825188ACA00AC6911 /* Info.plist */ = {isa = PBXFileReference; lastKnownFileType = text.plist.xml; path = Info.plist; sourceTree = "<group>"; };
/* End PBXFileReference section */

/* Begin PBXFrameworksBuildPhase section */
		2A58848425188AC800AC6911 /* Frameworks */ = {
			isa = PBXFrameworksBuildPhase;
			buildActionMask = 2147483647;
			files = (
				F73F7BC42926648800AFB1EF /* RxSwift in Frameworks */,
				F73F7BC22926648800AFB1EF /* RxCocoa in Frameworks */,
			);
			runOnlyForDeploymentPostprocessing = 0;
		};
/* End PBXFrameworksBuildPhase section */

/* Begin PBXGroup section */
		2A58847E25188AC800AC6911 = {
			isa = PBXGroup;
			children = (
				2A58848925188AC800AC6911 /* RegisterUsingCombine */,
				2A58848825188AC800AC6911 /* Products */,
			);
			sourceTree = "<group>";
		};
		2A58848825188AC800AC6911 /* Products */ = {
			isa = PBXGroup;
			children = (
				2A58848725188AC800AC6911 /* RegisterUsingCombine.app */,
			);
			name = Products;
			sourceTree = "<group>";
		};
		2A58848925188AC800AC6911 /* RegisterUsingCombine */ = {
			isa = PBXGroup;
			children = (
				2A58848A25188AC800AC6911 /* AppDelegate.swift */,
				2A58848C25188AC800AC6911 /* SceneDelegate.swift */,
				2A58848E25188AC800AC6911 /* ViewController.swift */,
				2A58849025188AC800AC6911 /* Main.storyboard */,
				2A58849325188ACA00AC6911 /* Assets.xcassets */,
				2A58849525188ACA00AC6911 /* LaunchScreen.storyboard */,
				2A58849825188ACA00AC6911 /* Info.plist */,
			);
			path = RegisterUsingCombine;
			sourceTree = "<group>";
		};
/* End PBXGroup section */

/* Begin PBXNativeTarget section */
		2A58848625188AC800AC6911 /* RegisterUsingCombine */ = {
			isa = PBXNativeTarget;
			buildConfigurationList = 2A58849B25188ACA00AC6911 /* Build configuration list for PBXNativeTarget "RegisterUsingCombine" */;
			buildPhases = (
				2A58848325188AC800AC6911 /* Sources */,
				2A58848425188AC800AC6911 /* Frameworks */,
				2A58848525188AC800AC6911 /* Resources */,
			);
			buildRules = (
			);
			dependencies = (
			);
			name = RegisterUsingCombine;
			packageProductDependencies = (
				F73F7BC12926648800AFB1EF /* RxCocoa */,
				F73F7BC32926648800AFB1EF /* RxSwift */,
			);
			productName = RegisterUsingRxSwift;
			productReference = 2A58848725188AC800AC6911 /* RegisterUsingCombine.app */;
			productType = "com.apple.product-type.application";
		};
/* End PBXNativeTarget section */

/* Begin PBXProject section */
		2A58847F25188AC800AC6911 /* Project object */ = {
			isa = PBXProject;
			attributes = {
				LastSwiftUpdateCheck = 1200;
				LastUpgradeCheck = 1200;
				TargetAttributes = {
					2A58848625188AC800AC6911 = {
						CreatedOnToolsVersion = 12.0;
					};
				};
			};
			buildConfigurationList = 2A58848225188AC800AC6911 /* Build configuration list for PBXProject "RegisterUsingCombine" */;
			compatibilityVersion = "Xcode 9.3";
			developmentRegion = en;
			hasScannedForEncodings = 0;
			knownRegions = (
				en,
				Base,
			);
			mainGroup = 2A58847E25188AC800AC6911;
			packageReferences = (
				F73F7BC02926648800AFB1EF /* XCRemoteSwiftPackageReference "RxSwift" */,
			);
			productRefGroup = 2A58848825188AC800AC6911 /* Products */;
			projectDirPath = "";
			projectRoot = "";
			targets = (
				2A58848625188AC800AC6911 /* RegisterUsingCombine */,
			);
		};
/* End PBXProject section */

/* Begin PBXResourcesBuildPhase section */
		2A58848525188AC800AC6911 /* Resources */ = {
			isa = PBXResourcesBuildPhase;
			buildActionMask = 2147483647;
			files = (
				2A58849725188ACA00AC6911 /* LaunchScreen.storyboard in Resources */,
				2A58849425188ACA00AC6911 /* Assets.xcassets in Resources */,
				2A58849225188AC800AC6911 /* Main.storyboard in Resources */,
			);
			runOnlyForDeploymentPostprocessing = 0;
		};
/* End PBXResourcesBuildPhase section */

/* Begin PBXSourcesBuildPhase section */
		2A58848325188AC800AC6911 /* Sources */ = {
			isa = PBXSourcesBuildPhase;
			buildActionMask = 2147483647;
			files = (
				2A58848F25188AC800AC6911 /* ViewController.swift in Sources */,
				2A58848B25188AC800AC6911 /* AppDelegate.swift in Sources */,
				2A58848D25188AC800AC6911 /* SceneDelegate.swift in Sources */,
			);
			runOnlyForDeploymentPostprocessing = 0;
		};
/* End PBXSourcesBuildPhase section */

/* Begin PBXVariantGroup section */
		2A58849025188AC800AC6911 /* Main.storyboard */ = {
			isa = PBXVariantGroup;
			children = (
				2A58849125188AC800AC6911 /* Base */,
			);
			name = Main.storyboard;
			sourceTree = "<group>";
		};
		2A58849525188ACA00AC6911 /* LaunchScreen.storyboard */ = {
			isa = PBXVariantGroup;
			children = (
				2A58849625188ACA00AC6911 /* Base */,
			);
			name = LaunchScreen.storyboard;
			sourceTree = "<group>";
		};
/* End PBXVariantGroup section */

/* Begin XCBuildConfiguration section */
		2A58849925188ACA00AC6911 /* Debug */ = {
			isa = XCBuildConfiguration;
			buildSettings = {
				ALWAYS_SEARCH_USER_PATHS = NO;
				CLANG_ANALYZER_NONNULL = YES;
				CLANG_ANALYZER_NUMBER_OBJECT_CONVERSION = YES_AGGRESSIVE;
				CLANG_CXX_LANGUAGE_STANDARD = "gnu++14";
				CLANG_CXX_LIBRARY = "libc++";
				CLANG_ENABLE_MODULES = YES;
				CLANG_ENABLE_OBJC_ARC = YES;
				CLANG_ENABLE_OBJC_WEAK = YES;
				CLANG_WARN_BLOCK_CAPTURE_AUTORELEASING = YES;
				CLANG_WARN_BOOL_CONVERSION = YES;
				CLANG_WARN_COMMA = YES;
				CLANG_WARN_CONSTANT_CONVERSION = YES;
				CLANG_WARN_DEPRECATED_OBJC_IMPLEMENTATIONS = YES;
				CLANG_WARN_DIRECT_OBJC_ISA_USAGE = YES_ERROR;
				CLANG_WARN_DOCUMENTATION_COMMENTS = YES;
				CLANG_WARN_EMPTY_BODY = YES;
				CLANG_WARN_ENUM_CONVERSION = YES;
				CLANG_WARN_INFINITE_RECURSION = YES;
				CLANG_WARN_INT_CONVERSION = YES;
				CLANG_WARN_NON_LITERAL_NULL_CONVERSION = YES;
				CLANG_WARN_OBJC_IMPLICIT_RETAIN_SELF = YES;
				CLANG_WARN_OBJC_LITERAL_CONVERSION = YES;
				CLANG_WARN_OBJC_ROOT_CLASS = YES_ERROR;
				CLANG_WARN_QUOTED_INCLUDE_IN_FRAMEWORK_HEADER = YES;
				CLANG_WARN_RANGE_LOOP_ANALYSIS = YES;
				CLANG_WARN_STRICT_PROTOTYPES = YES;
				CLANG_WARN_SUSPICIOUS_MOVE = YES;
				CLANG_WARN_UNGUARDED_AVAILABILITY = YES_AGGRESSIVE;
				CLANG_WARN_UNREACHABLE_CODE = YES;
				CLANG_WARN__DUPLICATE_METHOD_MATCH = YES;
				COPY_PHASE_STRIP = NO;
				DEBUG_INFORMATION_FORMAT = dwarf;
				ENABLE_STRICT_OBJC_MSGSEND = YES;
				ENABLE_TESTABILITY = YES;
				GCC_C_LANGUAGE_STANDARD = gnu11;
				GCC_DYNAMIC_NO_PIC = NO;
				GCC_NO_COMMON_BLOCKS = YES;
				GCC_OPTIMIZATION_LEVEL = 0;
				GCC_PREPROCESSOR_DEFINITIONS = (
					"DEBUG=1",
					"$(inherited)",
				);
				GCC_WARN_64_TO_32_BIT_CONVERSION = YES;
				GCC_WARN_ABOUT_RETURN_TYPE = YES_ERROR;
				GCC_WARN_UNDECLARED_SELECTOR = YES;
				GCC_WARN_UNINITIALIZED_AUTOS = YES_AGGRESSIVE;
				GCC_WARN_UNUSED_FUNCTION = YES;
				GCC_WARN_UNUSED_VARIABLE = YES;
				IPHONEOS_DEPLOYMENT_TARGET = 14.0;
				MTL_ENABLE_DEBUG_INFO = INCLUDE_SOURCE;
				MTL_FAST_MATH = YES;
				ONLY_ACTIVE_ARCH = YES;
				SDKROOT = iphoneos;
				SWIFT_ACTIVE_COMPILATION_CONDITIONS = DEBUG;
				SWIFT_OPTIMIZATION_LEVEL = "-Onone";
			};
			name = Debug;
		};
		2A58849A25188ACA00AC6911 /* Release */ = {
			isa = XCBuildConfiguration;
			buildSettings = {
				ALWAYS_SEARCH_USER_PATHS = NO;
				CLANG_ANALYZER_NONNULL = YES;
				CLANG_ANALYZER_NUMBER_OBJECT_CONVERSION = YES_AGGRESSIVE;
				CLANG_CXX_LANGUAGE_STANDARD = "gnu++14";
				CLANG_CXX_LIBRARY = "libc++";
				CLANG_ENABLE_MODULES = YES;
				CLANG_ENABLE_OBJC_ARC = YES;
				CLANG_ENABLE_OBJC_WEAK = YES;
				CLANG_WARN_BLOCK_CAPTURE_AUTORELEASING = YES;
				CLANG_WARN_BOOL_CONVERSION = YES;
				CLANG_WARN_COMMA = YES;
				CLANG_WARN_CONSTANT_CONVERSION = YES;
				CLANG_WARN_DEPRECATED_OBJC_IMPLEMENTATIONS = YES;
				CLANG_WARN_DIRECT_OBJC_ISA_USAGE = YES_ERROR;
				CLANG_WARN_DOCUMENTATION_COMMENTS = YES;
				CLANG_WARN_EMPTY_BODY = YES;
				CLANG_WARN_ENUM_CONVERSION = YES;
				CLANG_WARN_INFINITE_RECURSION = YES;
				CLANG_WARN_INT_CONVERSION = YES;
				CLANG_WARN_NON_LITERAL_NULL_CONVERSION = YES;
				CLANG_WARN_OBJC_IMPLICIT_RETAIN_SELF = YES;
				CLANG_WARN_OBJC_LITERAL_CONVERSION = YES;
				CLANG_WARN_OBJC_ROOT_CLASS = YES_ERROR;
				CLANG_WARN_QUOTED_INCLUDE_IN_FRAMEWORK_HEADER = YES;
				CLANG_WARN_RANGE_LOOP_ANALYSIS = YES;
				CLANG_WARN_STRICT_PROTOTYPES = YES;
				CLANG_WARN_SUSPICIOUS_MOVE = YES;
				CLANG_WARN_UNGUARDED_AVAILABILITY = YES_AGGRESSIVE;
				CLANG_WARN_UNREACHABLE_CODE = YES;
				CLANG_WARN__DUPLICATE_METHOD_MATCH = YES;
				COPY_PHASE_STRIP = NO;
				DEBUG_INFORMATION_FORMAT = "dwarf-with-dsym";
				ENABLE_NS_ASSERTIONS = NO;
				ENABLE_STRICT_OBJC_MSGSEND = YES;
				GCC_C_LANGUAGE_STANDARD = gnu11;
				GCC_NO_COMMON_BLOCKS = YES;
				GCC_WARN_64_TO_32_BIT_CONVERSION = YES;
				GCC_WARN_ABOUT_RETURN_TYPE = YES_ERROR;
				GCC_WARN_UNDECLARED_SELECTOR = YES;
				GCC_WARN_UNINITIALIZED_AUTOS = YES_AGGRESSIVE;
				GCC_WARN_UNUSED_FUNCTION = YES;
				GCC_WARN_UNUSED_VARIABLE = YES;
				IPHONEOS_DEPLOYMENT_TARGET = 14.0;
				MTL_ENABLE_DEBUG_INFO = NO;
				MTL_FAST_MATH = YES;
				SDKROOT = iphoneos;
				SWIFT_COMPILATION_MODE = wholemodule;
				SWIFT_OPTIMIZATION_LEVEL = "-O";
				VALIDATE_PRODUCT = YES;
			};
			name = Release;
		};
		2A58849C25188ACA00AC6911 /* Debug */ = {
			isa = XCBuildConfiguration;
			buildSettings = {
				ASSETCATALOG_COMPILER_APPICON_NAME = AppIcon;
				ASSETCATALOG_COMPILER_GLOBAL_ACCENT_COLOR_NAME = AccentColor;
				CODE_SIGN_STYLE = Automatic;
				INFOPLIST_FILE = RegisterUsingCombine/Info.plist;
				LD_RUNPATH_SEARCH_PATHS = (
					"$(inherited)",
					"@executable_path/Frameworks",
				);
				PRODUCT_BUNDLE_IDENTIFIER = com.dicoding.academy.RegisterUsingCombine;
				PRODUCT_NAME = "$(TARGET_NAME)";
				SWIFT_VERSION = 5.0;
				TARGETED_DEVICE_FAMILY = "1,2";
			};
			name = Debug;
		};
		2A58849D25188ACA00AC6911 /* Release */ = {
			isa = XCBuildConfiguration;
			buildSettings = {
				ASSETCATALOG_COMPILER_APPICON_NAME = AppIcon;
				ASSETCATALOG_COMPILER_GLOBAL_ACCENT_COLOR_NAME = AccentColor;
				CODE_SIGN_STYLE = Automatic;
				INFOPLIST_FILE = RegisterUsingCombine/Info.plist;
				LD_RUNPATH_SEARCH_PATHS = (
					"$(inherited)",
					"@executable_path/Frameworks",
				);
				PRODUCT_BUNDLE_IDENTIFIER = com.dicoding.academy.RegisterUsingCombine;
				PRODUCT_NAME = "$(TARGET_NAME)";
				SWIFT_VERSION = 5.0;
				TARGETED_DEVICE_FAMILY = "1,2";
			};
			name = Release;
		};
/* End XCBuildConfiguration section */

/* Begin XCConfigurationList section */
		2A58848225188AC800AC6911 /* Build configuration list for PBXProject "RegisterUsingCombine" */ = {
			isa = XCConfigurationList;
			buildConfigurations = (
				2A58849925188ACA00AC6911 /* Debug */,
				2A58849A25188ACA00AC6911 /* Release */,
			);
			defaultConfigurationIsVisible = 0;
			defaultConfigurationName = Release;
		};
		2A58849B25188ACA00AC6911 /* Build configuration list for PBXNativeTarget "RegisterUsingCombine" */ = {
			isa = XCConfigurationList;
			buildConfigurations = (
				2A58849C25188ACA00AC6911 /* Debug */,
				2A58849D25188ACA00AC6911 /* Release */,
			);
			defaultConfigurationIsVisible = 0;
			defaultConfigurationName = Release;
		};
/* End XCConfigurationList section */

/* Begin XCRemoteSwiftPackageReference section */
		F73F7BC02926648800AFB1EF /* XCRemoteSwiftPackageReference "RxSwift" */ = {
			isa = XCRemoteSwiftPackageReference;
			repositoryURL = "https://github.com/ReactiveX/RxSwift";
			requirement = {
				branch = main;
				kind = branch;
			};
		};
/* End XCRemoteSwiftPackageReference section */

/* Begin XCSwiftPackageProductDependency section */
		F73F7BC12926648800AFB1EF /* RxCocoa */ = {
			isa = XCSwiftPackageProductDependency;
			package = F73F7BC02926648800AFB1EF /* XCRemoteSwiftPackageReference "RxSwift" */;
			productName = RxCocoa;
		};
		F73F7BC32926648800AFB1EF /* RxSwift */ = {
			isa = XCSwiftPackageProductDependency;
			package = F73F7BC02926648800AFB1EF /* XCRemoteSwiftPackageReference "RxSwift" */;
			productName = RxSwift;
		};
/* End XCSwiftPackageProductDependency section */
	};
	rootObject = 2A58847F25188AC800AC6911 /* Project object */;
}
