PODS:
  - Alamofire (5.6.2)
  - Kingfisher (7.4.1)
  - lottie-ios (3.5.0)
  - Realm (10.32.3):
    - Realm/Headers (= 10.32.3)
  - Realm/Headers (10.32.3)
  - RealmSwift (10.32.3):
    - Realm (= 10.32.3)
  - SkeletonUI (1.0.9)
  - SwiftyJSON (5.0.1)

DEPENDENCIES:
  - Alamofire
  - Kingfisher (~> 7.0)
  - lottie-ios
  - Realm
  - RealmSwift
  - SkeletonUI
  - SwiftyJSON

SPEC REPOS:
  trunk:
    - Alamofire
    - Kingfisher
    - lottie-ios
    - Realm
    - RealmSwift
    - SkeletonUI
    - SwiftyJSON

SPEC CHECKSUMS:
  Alamofire: d368e1ff8a298e6dde360e35a3e68e6c610e7204
  Kingfisher: cd762a593a61b2fbecf7645c00f9a801a3ebfc9c
  lottie-ios: c55158d67d0629a260625cc2ded2052b829e3c3e
  Realm: fdf6732924dc5e69e30e0db2c11e869f92b53f3d
  RealmSwift: 7c181da8fa1c2fe613656a77c198d6a3dc3879a1
  SkeletonUI: b5c868e6917123e3d442d6cef9c71fe048175f3b
  SwiftyJSON: 2f33a42c6fbc52764d96f13368585094bfd8aa5e

PODFILE CHECKSUM: 71fe83560d3b25e9a601ab69792900fba1dac2ba

COCOAPODS: 1.11.3
