// !$*UTF8*$!
{
	archiveVersion = 1;
	classes = {
	};
	objectVersion = 55;
	objects = {

/* Begin PBXBuildFile section */
		F7EBBEAB29285BA700D89943 /* GametopiaApp.swift in Sources */ = {isa = PBXBuildFile; fileRef = F7EBBEAA29285BA700D89943 /* GametopiaApp.swift */; };
		F7EBBEAD29285BA700D89943 /* HomeView.swift in Sources */ = {isa = PBXBuildFile; fileRef = F7EBBEAC29285BA700D89943 /* HomeView.swift */; };
		F7EBBEAF29285BA800D89943 /* Assets.xcassets in Resources */ = {isa = PBXBuildFile; fileRef = F7EBBEAE29285BA800D89943 /* Assets.xcassets */; };
		F7EBBEB229285BA800D89943 /* Preview Assets.xcassets in Resources */ = {isa = PBXBuildFile; fileRef = F7EBBEB129285BA800D89943 /* Preview Assets.xcassets */; };
		F8BFDF2E5965F67CEE822AFD /* Pods_Gametopia.framework in Frameworks */ = {isa = PBXBuildFile; fileRef = 2FF68E5491AB4F41B1E6DD1C /* Pods_Gametopia.framework */; };
/* End PBXBuildFile section */

/* Begin PBXFileReference section */
		00A8DE611AF48C55C7AC4EA0 /* Pods-Gametopia.release.xcconfig */ = {isa = PBXFileReference; includeInIndex = 1; lastKnownFileType = text.xcconfig; name = "Pods-Gametopia.release.xcconfig"; path = "Target Support Files/Pods-Gametopia/Pods-Gametopia.release.xcconfig"; sourceTree = "<group>"; };
		2FF68E5491AB4F41B1E6DD1C /* Pods_Gametopia.framework */ = {isa = PBXFileReference; explicitFileType = wrapper.framework; includeInIndex = 0; path = Pods_Gametopia.framework; sourceTree = BUILT_PRODUCTS_DIR; };
		CD302F66BEB46460B0C7E8B7 /* Pods-Gametopia.debug.xcconfig */ = {isa = PBXFileReference; includeInIndex = 1; lastKnownFileType = text.xcconfig; name = "Pods-Gametopia.debug.xcconfig"; path = "Target Support Files/Pods-Gametopia/Pods-Gametopia.debug.xcconfig"; sourceTree = "<group>"; };
		F7EBBEA729285BA700D89943 /* Gametopia.app */ = {isa = PBXFileReference; explicitFileType = wrapper.application; includeInIndex = 0; path = Gametopia.app; sourceTree = BUILT_PRODUCTS_DIR; };
		F7EBBEAA29285BA700D89943 /* GametopiaApp.swift */ = {isa = PBXFileReference; lastKnownFileType = sourcecode.swift; path = GametopiaApp.swift; sourceTree = "<group>"; };
		F7EBBEAC29285BA700D89943 /* HomeView.swift */ = {isa = PBXFileReference; lastKnownFileType = sourcecode.swift; path = HomeView.swift; sourceTree = "<group>"; };
		F7EBBEAE29285BA800D89943 /* Assets.xcassets */ = {isa = PBXFileReference; lastKnownFileType = folder.assetcatalog; path = Assets.xcassets; sourceTree = "<group>"; };
		F7EBBEB129285BA800D89943 /* Preview Assets.xcassets */ = {isa = PBXFileReference; lastKnownFileType = folder.assetcatalog; path = "Preview Assets.xcassets"; sourceTree = "<group>"; };
/* End PBXFileReference section */

/* Begin PBXFrameworksBuildPhase section */
		F7EBBEA429285BA700D89943 /* Frameworks */ = {
			isa = PBXFrameworksBuildPhase;
			buildActionMask = 2147483647;
			files = (
				F8BFDF2E5965F67CEE822AFD /* Pods_Gametopia.framework in Frameworks */,
			);
			runOnlyForDeploymentPostprocessing = 0;
		};
/* End PBXFrameworksBuildPhase section */

/* Begin PBXGroup section */
		19DB08571E070B392C09AC14 /* Frameworks */ = {
			isa = PBXGroup;
			children = (
				2FF68E5491AB4F41B1E6DD1C /* Pods_Gametopia.framework */,
			);
			name = Frameworks;
			sourceTree = "<group>";
		};
		D593A0F9F47D58F0D6F0FE63 /* Pods */ = {
			isa = PBXGroup;
			children = (
				CD302F66BEB46460B0C7E8B7 /* Pods-Gametopia.debug.xcconfig */,
				00A8DE611AF48C55C7AC4EA0 /* Pods-Gametopia.release.xcconfig */,
			);
			path = Pods;
			sourceTree = "<group>";
		};
		F7EBBE9E29285BA600D89943 = {
			isa = PBXGroup;
			children = (
				F7EBBEA929285BA700D89943 /* Gametopia */,
				F7EBBEA829285BA700D89943 /* Products */,
				D593A0F9F47D58F0D6F0FE63 /* Pods */,
				19DB08571E070B392C09AC14 /* Frameworks */,
			);
			sourceTree = "<group>";
		};
		F7EBBEA829285BA700D89943 /* Products */ = {
			isa = PBXGroup;
			children = (
				F7EBBEA729285BA700D89943 /* Gametopia.app */,
			);
			name = Products;
			sourceTree = "<group>";
		};
		F7EBBEA929285BA700D89943 /* Gametopia */ = {
			isa = PBXGroup;
			children = (
				F7EBBEB829285E8900D89943 /* App */,
				F7EBBEB929285E9500D89943 /* Core */,
				F7EBBEBA29285E9E00D89943 /* Module */,
				F7EBBEBD29285EEC00D89943 /* Supporting Files */,
				F7EBBEB029285BA800D89943 /* Preview Content */,
			);
			path = Gametopia;
			sourceTree = "<group>";
		};
		F7EBBEB029285BA800D89943 /* Preview Content */ = {
			isa = PBXGroup;
			children = (
				F7EBBEB129285BA800D89943 /* Preview Assets.xcassets */,
			);
			path = "Preview Content";
			sourceTree = "<group>";
		};
		F7EBBEB829285E8900D89943 /* App */ = {
			isa = PBXGroup;
			children = (
				F7EBBEAA29285BA700D89943 /* GametopiaApp.swift */,
			);
			path = App;
			sourceTree = "<group>";
		};
		F7EBBEB929285E9500D89943 /* Core */ = {
			isa = PBXGroup;
			children = (
				F7EBBEC129285F5A00D89943 /* Utils */,
				F7EBBEC029285F5100D89943 /* Domain */,
				F7EBBEBF29285F4700D89943 /* DI */,
				F7EBBEBE29285F4100D89943 /* Data */,
			);
			path = Core;
			sourceTree = "<group>";
		};
		F7EBBEBA29285E9E00D89943 /* Module */ = {
			isa = PBXGroup;
			children = (
				F7EBBEC229285F7800D89943 /* Home */,
				F7EBBEC329285F8000D89943 /* Detail */,
			);
			path = Module;
			sourceTree = "<group>";
		};
		F7EBBEBD29285EEC00D89943 /* Supporting Files */ = {
			isa = PBXGroup;
			children = (
				F7EBBEAE29285BA800D89943 /* Assets.xcassets */,
			);
			path = "Supporting Files";
			sourceTree = "<group>";
		};
		F7EBBEBE29285F4100D89943 /* Data */ = {
			isa = PBXGroup;
			children = (
			);
			path = Data;
			sourceTree = "<group>";
		};
		F7EBBEBF29285F4700D89943 /* DI */ = {
			isa = PBXGroup;
			children = (
			);
			path = DI;
			sourceTree = "<group>";
		};
		F7EBBEC029285F5100D89943 /* Domain */ = {
			isa = PBXGroup;
			children = (
			);
			path = Domain;
			sourceTree = "<group>";
		};
		F7EBBEC129285F5A00D89943 /* Utils */ = {
			isa = PBXGroup;
			children = (
			);
			path = Utils;
			sourceTree = "<group>";
		};
		F7EBBEC229285F7800D89943 /* Home */ = {
			isa = PBXGroup;
			children = (
				F7EBBEAC29285BA700D89943 /* HomeView.swift */,
			);
			path = Home;
			sourceTree = "<group>";
		};
		F7EBBEC329285F8000D89943 /* Detail */ = {
			isa = PBXGroup;
			children = (
			);
			path = Detail;
			sourceTree = "<group>";
		};
/* End PBXGroup section */

/* Begin PBXNativeTarget section */
		F7EBBEA629285BA700D89943 /* Gametopia */ = {
			isa = PBXNativeTarget;
			buildConfigurationList = F7EBBEB529285BA800D89943 /* Build configuration list for PBXNativeTarget "Gametopia" */;
			buildPhases = (
				0F15E40120ADB99F77DA7BD1 /* [CP] Check Pods Manifest.lock */,
				F7EBBEA329285BA700D89943 /* Sources */,
				F7EBBEA429285BA700D89943 /* Frameworks */,
				F7EBBEA529285BA700D89943 /* Resources */,
				33C1FD6E9DB1755E475D2527 /* [CP] Embed Pods Frameworks */,
			);
			buildRules = (
			);
			dependencies = (
			);
			name = Gametopia;
			productName = Gametopia;
			productReference = F7EBBEA729285BA700D89943 /* Gametopia.app */;
			productType = "com.apple.product-type.application";
		};
/* End PBXNativeTarget section */

/* Begin PBXProject section */
		F7EBBE9F29285BA600D89943 /* Project object */ = {
			isa = PBXProject;
			attributes = {
				BuildIndependentTargetsInParallel = 1;
				LastSwiftUpdateCheck = 1410;
				LastUpgradeCheck = 1410;
				TargetAttributes = {
					F7EBBEA629285BA700D89943 = {
						CreatedOnToolsVersion = 14.1;
					};
				};
			};
			buildConfigurationList = F7EBBEA229285BA600D89943 /* Build configuration list for PBXProject "Gametopia" */;
			compatibilityVersion = "Xcode 13.0";
			developmentRegion = en;
			hasScannedForEncodings = 0;
			knownRegions = (
				en,
				Base,
			);
			mainGroup = F7EBBE9E29285BA600D89943;
			productRefGroup = F7EBBEA829285BA700D89943 /* Products */;
			projectDirPath = "";
			projectRoot = "";
			targets = (
				F7EBBEA629285BA700D89943 /* Gametopia */,
			);
		};
/* End PBXProject section */

/* Begin PBXResourcesBuildPhase section */
		F7EBBEA529285BA700D89943 /* Resources */ = {
			isa = PBXResourcesBuildPhase;
			buildActionMask = 2147483647;
			files = (
				F7EBBEB229285BA800D89943 /* Preview Assets.xcassets in Resources */,
				F7EBBEAF29285BA800D89943 /* Assets.xcassets in Resources */,
			);
			runOnlyForDeploymentPostprocessing = 0;
		};
/* End PBXResourcesBuildPhase section */

/* Begin PBXShellScriptBuildPhase section */
		0F15E40120ADB99F77DA7BD1 /* [CP] Check Pods Manifest.lock */ = {
			isa = PBXShellScriptBuildPhase;
			buildActionMask = 2147483647;
			files = (
			);
			inputFileListPaths = (
			);
			inputPaths = (
				"${PODS_PODFILE_DIR_PATH}/Podfile.lock",
				"${PODS_ROOT}/Manifest.lock",
			);
			name = "[CP] Check Pods Manifest.lock";
			outputFileListPaths = (
			);
			outputPaths = (
				"$(DERIVED_FILE_DIR)/Pods-Gametopia-checkManifestLockResult.txt",
			);
			runOnlyForDeploymentPostprocessing = 0;
			shellPath = /bin/sh;
			shellScript = "diff \"${PODS_PODFILE_DIR_PATH}/Podfile.lock\" \"${PODS_ROOT}/Manifest.lock\" > /dev/null\nif [ $? != 0 ] ; then\n    # print error to STDERR\n    echo \"error: The sandbox is not in sync with the Podfile.lock. Run 'pod install' or update your CocoaPods installation.\" >&2\n    exit 1\nfi\n# This output is used by Xcode 'outputs' to avoid re-running this script phase.\necho \"SUCCESS\" > \"${SCRIPT_OUTPUT_FILE_0}\"\n";
			showEnvVarsInLog = 0;
		};
		33C1FD6E9DB1755E475D2527 /* [CP] Embed Pods Frameworks */ = {
			isa = PBXShellScriptBuildPhase;
			buildActionMask = 2147483647;
			files = (
			);
			inputFileListPaths = (
				"${PODS_ROOT}/Target Support Files/Pods-Gametopia/Pods-Gametopia-frameworks-${CONFIGURATION}-input-files.xcfilelist",
			);
			name = "[CP] Embed Pods Frameworks";
			outputFileListPaths = (
				"${PODS_ROOT}/Target Support Files/Pods-Gametopia/Pods-Gametopia-frameworks-${CONFIGURATION}-output-files.xcfilelist",
			);
			runOnlyForDeploymentPostprocessing = 0;
			shellPath = /bin/sh;
			shellScript = "\"${PODS_ROOT}/Target Support Files/Pods-Gametopia/Pods-Gametopia-frameworks.sh\"\n";
			showEnvVarsInLog = 0;
		};
/* End PBXShellScriptBuildPhase section */

/* Begin PBXSourcesBuildPhase section */
		F7EBBEA329285BA700D89943 /* Sources */ = {
			isa = PBXSourcesBuildPhase;
			buildActionMask = 2147483647;
			files = (
				F7EBBEAD29285BA700D89943 /* HomeView.swift in Sources */,
				F7EBBEAB29285BA700D89943 /* GametopiaApp.swift in Sources */,
			);
			runOnlyForDeploymentPostprocessing = 0;
		};
/* End PBXSourcesBuildPhase section */

/* Begin XCBuildConfiguration section */
		F7EBBEB329285BA800D89943 /* Debug */ = {
			isa = XCBuildConfiguration;
			buildSettings = {
				ALWAYS_SEARCH_USER_PATHS = NO;
				CLANG_ANALYZER_NONNULL = YES;
				CLANG_ANALYZER_NUMBER_OBJECT_CONVERSION = YES_AGGRESSIVE;
				CLANG_CXX_LANGUAGE_STANDARD = "gnu++20";
				CLANG_ENABLE_MODULES = YES;
				CLANG_ENABLE_OBJC_ARC = YES;
				CLANG_ENABLE_OBJC_WEAK = YES;
				CLANG_WARN_BLOCK_CAPTURE_AUTORELEASING = YES;
				CLANG_WARN_BOOL_CONVERSION = YES;
				CLANG_WARN_COMMA = YES;
				CLANG_WARN_CONSTANT_CONVERSION = YES;
				CLANG_WARN_DEPRECATED_OBJC_IMPLEMENTATIONS = YES;
				CLANG_WARN_DIRECT_OBJC_ISA_USAGE = YES_ERROR;
				CLANG_WARN_DOCUMENTATION_COMMENTS = YES;
				CLANG_WARN_EMPTY_BODY = YES;
				CLANG_WARN_ENUM_CONVERSION = YES;
				CLANG_WARN_INFINITE_RECURSION = YES;
				CLANG_WARN_INT_CONVERSION = YES;
				CLANG_WARN_NON_LITERAL_NULL_CONVERSION = YES;
				CLANG_WARN_OBJC_IMPLICIT_RETAIN_SELF = YES;
				CLANG_WARN_OBJC_LITERAL_CONVERSION = YES;
				CLANG_WARN_OBJC_ROOT_CLASS = YES_ERROR;
				CLANG_WARN_QUOTED_INCLUDE_IN_FRAMEWORK_HEADER = YES;
				CLANG_WARN_RANGE_LOOP_ANALYSIS = YES;
				CLANG_WARN_STRICT_PROTOTYPES = YES;
				CLANG_WARN_SUSPICIOUS_MOVE = YES;
				CLANG_WARN_UNGUARDED_AVAILABILITY = YES_AGGRESSIVE;
				CLANG_WARN_UNREACHABLE_CODE = YES;
				CLANG_WARN__DUPLICATE_METHOD_MATCH = YES;
				COPY_PHASE_STRIP = NO;
				DEBUG_INFORMATION_FORMAT = dwarf;
				ENABLE_STRICT_OBJC_MSGSEND = YES;
				ENABLE_TESTABILITY = YES;
				GCC_C_LANGUAGE_STANDARD = gnu11;
				GCC_DYNAMIC_NO_PIC = NO;
				GCC_NO_COMMON_BLOCKS = YES;
				GCC_OPTIMIZATION_LEVEL = 0;
				GCC_PREPROCESSOR_DEFINITIONS = (
					"DEBUG=1",
					"$(inherited)",
				);
				GCC_WARN_64_TO_32_BIT_CONVERSION = YES;
				GCC_WARN_ABOUT_RETURN_TYPE = YES_ERROR;
				GCC_WARN_UNDECLARED_SELECTOR = YES;
				GCC_WARN_UNINITIALIZED_AUTOS = YES_AGGRESSIVE;
				GCC_WARN_UNUSED_FUNCTION = YES;
				GCC_WARN_UNUSED_VARIABLE = YES;
				IPHONEOS_DEPLOYMENT_TARGET = 16.1;
				MTL_ENABLE_DEBUG_INFO = INCLUDE_SOURCE;
				MTL_FAST_MATH = YES;
				ONLY_ACTIVE_ARCH = YES;
				SDKROOT = iphoneos;
				SWIFT_ACTIVE_COMPILATION_CONDITIONS = DEBUG;
				SWIFT_OPTIMIZATION_LEVEL = "-Onone";
			};
			name = Debug;
		};
		F7EBBEB429285BA800D89943 /* Release */ = {
			isa = XCBuildConfiguration;
			buildSettings = {
				ALWAYS_SEARCH_USER_PATHS = NO;
				CLANG_ANALYZER_NONNULL = YES;
				CLANG_ANALYZER_NUMBER_OBJECT_CONVERSION = YES_AGGRESSIVE;
				CLANG_CXX_LANGUAGE_STANDARD = "gnu++20";
				CLANG_ENABLE_MODULES = YES;
				CLANG_ENABLE_OBJC_ARC = YES;
				CLANG_ENABLE_OBJC_WEAK = YES;
				CLANG_WARN_BLOCK_CAPTURE_AUTORELEASING = YES;
				CLANG_WARN_BOOL_CONVERSION = YES;
				CLANG_WARN_COMMA = YES;
				CLANG_WARN_CONSTANT_CONVERSION = YES;
				CLANG_WARN_DEPRECATED_OBJC_IMPLEMENTATIONS = YES;
				CLANG_WARN_DIRECT_OBJC_ISA_USAGE = YES_ERROR;
				CLANG_WARN_DOCUMENTATION_COMMENTS = YES;
				CLANG_WARN_EMPTY_BODY = YES;
				CLANG_WARN_ENUM_CONVERSION = YES;
				CLANG_WARN_INFINITE_RECURSION = YES;
				CLANG_WARN_INT_CONVERSION = YES;
				CLANG_WARN_NON_LITERAL_NULL_CONVERSION = YES;
				CLANG_WARN_OBJC_IMPLICIT_RETAIN_SELF = YES;
				CLANG_WARN_OBJC_LITERAL_CONVERSION = YES;
				CLANG_WARN_OBJC_ROOT_CLASS = YES_ERROR;
				CLANG_WARN_QUOTED_INCLUDE_IN_FRAMEWORK_HEADER = YES;
				CLANG_WARN_RANGE_LOOP_ANALYSIS = YES;
				CLANG_WARN_STRICT_PROTOTYPES = YES;
				CLANG_WARN_SUSPICIOUS_MOVE = YES;
				CLANG_WARN_UNGUARDED_AVAILABILITY = YES_AGGRESSIVE;
				CLANG_WARN_UNREACHABLE_CODE = YES;
				CLANG_WARN__DUPLICATE_METHOD_MATCH = YES;
				COPY_PHASE_STRIP = NO;
				DEBUG_INFORMATION_FORMAT = "dwarf-with-dsym";
				ENABLE_NS_ASSERTIONS = NO;
				ENABLE_STRICT_OBJC_MSGSEND = YES;
				GCC_C_LANGUAGE_STANDARD = gnu11;
				GCC_NO_COMMON_BLOCKS = YES;
				GCC_WARN_64_TO_32_BIT_CONVERSION = YES;
				GCC_WARN_ABOUT_RETURN_TYPE = YES_ERROR;
				GCC_WARN_UNDECLARED_SELECTOR = YES;
				GCC_WARN_UNINITIALIZED_AUTOS = YES_AGGRESSIVE;
				GCC_WARN_UNUSED_FUNCTION = YES;
				GCC_WARN_UNUSED_VARIABLE = YES;
				IPHONEOS_DEPLOYMENT_TARGET = 16.1;
				MTL_ENABLE_DEBUG_INFO = NO;
				MTL_FAST_MATH = YES;
				SDKROOT = iphoneos;
				SWIFT_COMPILATION_MODE = wholemodule;
				SWIFT_OPTIMIZATION_LEVEL = "-O";
				VALIDATE_PRODUCT = YES;
			};
			name = Release;
		};
		F7EBBEB629285BA800D89943 /* Debug */ = {
			isa = XCBuildConfiguration;
			baseConfigurationReference = CD302F66BEB46460B0C7E8B7 /* Pods-Gametopia.debug.xcconfig */;
			buildSettings = {
				ASSETCATALOG_COMPILER_APPICON_NAME = AppIcon;
				ASSETCATALOG_COMPILER_GLOBAL_ACCENT_COLOR_NAME = AccentColor;
				CODE_SIGN_STYLE = Automatic;
				CURRENT_PROJECT_VERSION = 1;
				DEVELOPMENT_ASSET_PATHS = "\"Gametopia/Preview Content\"";
				DEVELOPMENT_TEAM = RDA574N926;
				ENABLE_PREVIEWS = YES;
				GENERATE_INFOPLIST_FILE = YES;
				INFOPLIST_KEY_UIApplicationSceneManifest_Generation = YES;
				INFOPLIST_KEY_UIApplicationSupportsIndirectInputEvents = YES;
				INFOPLIST_KEY_UILaunchScreen_Generation = YES;
				INFOPLIST_KEY_UISupportedInterfaceOrientations_iPad = "UIInterfaceOrientationPortrait UIInterfaceOrientationPortraitUpsideDown UIInterfaceOrientationLandscapeLeft UIInterfaceOrientationLandscapeRight";
				INFOPLIST_KEY_UISupportedInterfaceOrientations_iPhone = "UIInterfaceOrientationPortrait UIInterfaceOrientationLandscapeLeft UIInterfaceOrientationLandscapeRight";
				LD_RUNPATH_SEARCH_PATHS = (
					"$(inherited)",
					"@executable_path/Frameworks",
				);
				MARKETING_VERSION = 1.0;
				PRODUCT_BUNDLE_IDENTIFIER = com.patriciafiona.Gametopia;
				PRODUCT_NAME = "$(TARGET_NAME)";
				SWIFT_EMIT_LOC_STRINGS = YES;
				SWIFT_VERSION = 5.0;
				TARGETED_DEVICE_FAMILY = "1,2";
			};
			name = Debug;
		};
		F7EBBEB729285BA800D89943 /* Release */ = {
			isa = XCBuildConfiguration;
			baseConfigurationReference = 00A8DE611AF48C55C7AC4EA0 /* Pods-Gametopia.release.xcconfig */;
			buildSettings = {
				ASSETCATALOG_COMPILER_APPICON_NAME = AppIcon;
				ASSETCATALOG_COMPILER_GLOBAL_ACCENT_COLOR_NAME = AccentColor;
				CODE_SIGN_STYLE = Automatic;
				CURRENT_PROJECT_VERSION = 1;
				DEVELOPMENT_ASSET_PATHS = "\"Gametopia/Preview Content\"";
				DEVELOPMENT_TEAM = RDA574N926;
				ENABLE_PREVIEWS = YES;
				GENERATE_INFOPLIST_FILE = YES;
				INFOPLIST_KEY_UIApplicationSceneManifest_Generation = YES;
				INFOPLIST_KEY_UIApplicationSupportsIndirectInputEvents = YES;
				INFOPLIST_KEY_UILaunchScreen_Generation = YES;
				INFOPLIST_KEY_UISupportedInterfaceOrientations_iPad = "UIInterfaceOrientationPortrait UIInterfaceOrientationPortraitUpsideDown UIInterfaceOrientationLandscapeLeft UIInterfaceOrientationLandscapeRight";
				INFOPLIST_KEY_UISupportedInterfaceOrientations_iPhone = "UIInterfaceOrientationPortrait UIInterfaceOrientationLandscapeLeft UIInterfaceOrientationLandscapeRight";
				LD_RUNPATH_SEARCH_PATHS = (
					"$(inherited)",
					"@executable_path/Frameworks",
				);
				MARKETING_VERSION = 1.0;
				PRODUCT_BUNDLE_IDENTIFIER = com.patriciafiona.Gametopia;
				PRODUCT_NAME = "$(TARGET_NAME)";
				SWIFT_EMIT_LOC_STRINGS = YES;
				SWIFT_VERSION = 5.0;
				TARGETED_DEVICE_FAMILY = "1,2";
			};
			name = Release;
		};
/* End XCBuildConfiguration section */

/* Begin XCConfigurationList section */
		F7EBBEA229285BA600D89943 /* Build configuration list for PBXProject "Gametopia" */ = {
			isa = XCConfigurationList;
			buildConfigurations = (
				F7EBBEB329285BA800D89943 /* Debug */,
				F7EBBEB429285BA800D89943 /* Release */,
			);
			defaultConfigurationIsVisible = 0;
			defaultConfigurationName = Release;
		};
		F7EBBEB529285BA800D89943 /* Build configuration list for PBXNativeTarget "Gametopia" */ = {
			isa = XCConfigurationList;
			buildConfigurations = (
				F7EBBEB629285BA800D89943 /* Debug */,
				F7EBBEB729285BA800D89943 /* Release */,
			);
			defaultConfigurationIsVisible = 0;
			defaultConfigurationName = Release;
		};
/* End XCConfigurationList section */
	};
	rootObject = F7EBBE9F29285BA600D89943 /* Project object */;
}
